// !$*UTF8*$!
{
	archiveVersion = 1;
	classes = {
	};
	objectVersion = 46;
	objects = {

/* Begin PBXBuildFile section */
		DB5228101EA487A5007BD0BF /* AppDelegate.swift in Sources */ = {isa = PBXBuildFile; fileRef = DB52280F1EA487A5007BD0BF /* AppDelegate.swift */; };
		DB5228121EA487A5007BD0BF /* ViewController.swift in Sources */ = {isa = PBXBuildFile; fileRef = DB5228111EA487A5007BD0BF /* ViewController.swift */; };
		DB5228151EA487A5007BD0BF /* Main.storyboard in Resources */ = {isa = PBXBuildFile; fileRef = DB5228131EA487A5007BD0BF /* Main.storyboard */; };
		DB5228171EA487A5007BD0BF /* Assets.xcassets in Resources */ = {isa = PBXBuildFile; fileRef = DB5228161EA487A5007BD0BF /* Assets.xcassets */; };
		DB52281A1EA487A5007BD0BF /* LaunchScreen.storyboard in Resources */ = {isa = PBXBuildFile; fileRef = DB5228181EA487A5007BD0BF /* LaunchScreen.storyboard */; };
		DB5228231EA487C5007BD0BF /* LocalAuthentication.framework in Frameworks */ = {isa = PBXBuildFile; fileRef = DB5228221EA487C5007BD0BF /* LocalAuthentication.framework */; };
/* End PBXBuildFile section */

/* Begin PBXFileReference section */
		DB52280C1EA487A4007BD0BF /* TouchIDDemo.app */ = {isa = PBXFileReference; explicitFileType = wrapper.application; includeInIndex = 0; path = TouchIDDemo.app; sourceTree = BUILT_PRODUCTS_DIR; };
		DB52280F1EA487A5007BD0BF /* AppDelegate.swift */ = {isa = PBXFileReference; lastKnownFileType = sourcecode.swift; path = AppDelegate.swift; sourceTree = "<group>"; };
		DB5228111EA487A5007BD0BF /* ViewController.swift */ = {isa = PBXFileReference; lastKnownFileType = sourcecode.swift; path = ViewController.swift; sourceTree = "<group>"; };
		DB5228141EA487A5007BD0BF /* Base */ = {isa = PBXFileReference; lastKnownFileType = file.storyboard; name = Base; path = Base.lproj/Main.storyboard; sourceTree = "<group>"; };
		DB5228161EA487A5007BD0BF /* Assets.xcassets */ = {isa = PBXFileReference; lastKnownFileType = folder.assetcatalog; path = Assets.xcassets; sourceTree = "<group>"; };
		DB5228191EA487A5007BD0BF /* Base */ = {isa = PBXFileReference; lastKnownFileType = file.storyboard; name = Base; path = Base.lproj/LaunchScreen.storyboard; sourceTree = "<group>"; };
		DB52281B1EA487A5007BD0BF /* Info.plist */ = {isa = PBXFileReference; lastKnownFileType = text.plist.xml; path = Info.plist; sourceTree = "<group>"; };
		DB5228221EA487C5007BD0BF /* LocalAuthentication.framework */ = {isa = PBXFileReference; lastKnownFileType = wrapper.framework; name = LocalAuthentication.framework; path = System/Library/Frameworks/LocalAuthentication.framework; sourceTree = SDKROOT; };
/* End PBXFileReference section */

/* Begin PBXFrameworksBuildPhase section */
		DB5228091EA487A4007BD0BF /* Frameworks */ = {
			isa = PBXFrameworksBuildPhase;
			buildActionMask = 2147483647;
			files = (
				DB5228231EA487C5007BD0BF /* LocalAuthentication.framework in Frameworks */,
			);
			runOnlyForDeploymentPostprocessing = 0;
		};
/* End PBXFrameworksBuildPhase section */

/* Begin PBXGroup section */
		DB5228031EA487A4007BD0BF = {
			isa = PBXGroup;
			children = (
				DB52280E1EA487A4007BD0BF /* TouchIDDemo */,
				DB52280D1EA487A4007BD0BF /* Products */,
				DB5228211EA487C5007BD0BF /* Frameworks */,
			);
			sourceTree = "<group>";
		};
		DB52280D1EA487A4007BD0BF /* Products */ = {
			isa = PBXGroup;
			children = (
				DB52280C1EA487A4007BD0BF /* TouchIDDemo.app */,
			);
			name = Products;
			sourceTree = "<group>";
		};
		DB52280E1EA487A4007BD0BF /* TouchIDDemo */ = {
			isa = PBXGroup;
			children = (
				DB52280F1EA487A5007BD0BF /* AppDelegate.swift */,
				DB5228111EA487A5007BD0BF /* ViewController.swift */,
				DB5228131EA487A5007BD0BF /* Main.storyboard */,
				DB5228161EA487A5007BD0BF /* Assets.xcassets */,
				DB5228181EA487A5007BD0BF /* LaunchScreen.storyboard */,
				DB52281B1EA487A5007BD0BF /* Info.plist */,
			);
			path = TouchIDDemo;
			sourceTree = "<group>";
		};
		DB5228211EA487C5007BD0BF /* Frameworks */ = {
			isa = PBXGroup;
			children = (
				DB5228221EA487C5007BD0BF /* LocalAuthentication.framework */,
			);
			name = Frameworks;
			sourceTree = "<group>";
		};
/* End PBXGroup section */

/* Begin PBXNativeTarget section */
		DB52280B1EA487A4007BD0BF /* TouchIDDemo */ = {
			isa = PBXNativeTarget;
			buildConfigurationList = DB52281E1EA487A5007BD0BF /* Build configuration list for PBXNativeTarget "TouchIDDemo" */;
			buildPhases = (
				DB5228081EA487A4007BD0BF /* Sources */,
				DB5228091EA487A4007BD0BF /* Frameworks */,
				DB52280A1EA487A4007BD0BF /* Resources */,
			);
			buildRules = (
			);
			dependencies = (
			);
			name = TouchIDDemo;
			productName = TouchIDDemo;
			productReference = DB52280C1EA487A4007BD0BF /* TouchIDDemo.app */;
			productType = "com.apple.product-type.application";
		};
/* End PBXNativeTarget section */

/* Begin PBXProject section */
		DB5228041EA487A4007BD0BF /* Project object */ = {
			isa = PBXProject;
			attributes = {
				LastSwiftUpdateCheck = 0820;
				LastUpgradeCheck = 0820;
				ORGANIZATIONNAME = roger;
				TargetAttributes = {
					DB52280B1EA487A4007BD0BF = {
						CreatedOnToolsVersion = 8.2.1;
						DevelopmentTeam = CK5MHBYB2A;
						ProvisioningStyle = Automatic;
					};
				};
			};
			buildConfigurationList = DB5228071EA487A4007BD0BF /* Build configuration list for PBXProject "TouchIDDemo" */;
			compatibilityVersion = "Xcode 3.2";
			developmentRegion = English;
			hasScannedForEncodings = 0;
			knownRegions = (
				en,
				Base,
			);
			mainGroup = DB5228031EA487A4007BD0BF;
			productRefGroup = DB52280D1EA487A4007BD0BF /* Products */;
			projectDirPath = "";
			projectRoot = "";
			targets = (
				DB52280B1EA487A4007BD0BF /* TouchIDDemo */,
			);
		};
/* End PBXProject section */

/* Begin PBXResourcesBuildPhase section */
		DB52280A1EA487A4007BD0BF /* Resources */ = {
			isa = PBXResourcesBuildPhase;
			buildActionMask = 2147483647;
			files = (
				DB52281A1EA487A5007BD0BF /* LaunchScreen.storyboard in Resources */,
				DB5228171EA487A5007BD0BF /* Assets.xcassets in Resources */,
				DB5228151EA487A5007BD0BF /* Main.storyboard in Resources */,
			);
			runOnlyForDeploymentPostprocessing = 0;
		};
/* End PBXResourcesBuildPhase section */

/* Begin PBXSourcesBuildPhase section */
		DB5228081EA487A4007BD0BF /* Sources */ = {
			isa = PBXSourcesBuildPhase;
			buildActionMask = 2147483647;
			files = (
				DB5228121EA487A5007BD0BF /* ViewController.swift in Sources */,
				DB5228101EA487A5007BD0BF /* AppDelegate.swift in Sources */,
			);
			runOnlyForDeploymentPostprocessing = 0;
		};
/* End PBXSourcesBuildPhase section */

/* Begin PBXVariantGroup section */
		DB5228131EA487A5007BD0BF /* Main.storyboard */ = {
			isa = PBXVariantGroup;
			children = (
				DB5228141EA487A5007BD0BF /* Base */,
			);
			name = Main.storyboard;
			sourceTree = "<group>";
		};
		DB5228181EA487A5007BD0BF /* LaunchScreen.storyboard */ = {
			isa = PBXVariantGroup;
			children = (
				DB5228191EA487A5007BD0BF /* Base */,
			);
			name = LaunchScreen.storyboard;
			sourceTree = "<group>";
		};
/* End PBXVariantGroup section */

/* Begin XCBuildConfiguration section */
		DB52281C1EA487A5007BD0BF /* Debug */ = {
			isa = XCBuildConfiguration;
			buildSettings = {
				ALWAYS_SEARCH_USER_PATHS = NO;
				CLANG_ANALYZER_NONNULL = YES;
				CLANG_CXX_LANGUAGE_STANDARD = "gnu++0x";
				CLANG_CXX_LIBRARY = "libc++";
				CLANG_ENABLE_MODULES = YES;
				CLANG_ENABLE_OBJC_ARC = YES;
				CLANG_WARN_BOOL_CONVERSION = YES;
				CLANG_WARN_CONSTANT_CONVERSION = YES;
				CLANG_WARN_DIRECT_OBJC_ISA_USAGE = YES_ERROR;
				CLANG_WARN_DOCUMENTATION_COMMENTS = YES;
				CLANG_WARN_EMPTY_BODY = YES;
				CLANG_WARN_ENUM_CONVERSION = YES;
				CLANG_WARN_INFINITE_RECURSION = YES;
				CLANG_WARN_INT_CONVERSION = YES;
				CLANG_WARN_OBJC_ROOT_CLASS = YES_ERROR;
				CLANG_WARN_SUSPICIOUS_MOVE = YES;
				CLANG_WARN_UNREACHABLE_CODE = YES;
				CLANG_WARN__DUPLICATE_METHOD_MATCH = YES;
				"CODE_SIGN_IDENTITY[sdk=iphoneos*]" = "iPhone Developer";
				COPY_PHASE_STRIP = NO;
				DEBUG_INFORMATION_FORMAT = dwarf;
				ENABLE_STRICT_OBJC_MSGSEND = YES;
				ENABLE_TESTABILITY = YES;
				GCC_C_LANGUAGE_STANDARD = gnu99;
				GCC_DYNAMIC_NO_PIC = NO;
				GCC_NO_COMMON_BLOCKS = YES;
				GCC_OPTIMIZATION_LEVEL = 0;
				GCC_PREPROCESSOR_DEFINITIONS = (
					"DEBUG=1",
					"$(inherited)",
				);
				GCC_WARN_64_TO_32_BIT_CONVERSION = YES;
				GCC_WARN_ABOUT_RETURN_TYPE = YES_ERROR;
				GCC_WARN_UNDECLARED_SELECTOR = YES;
				GCC_WARN_UNINITIALIZED_AUTOS = YES_AGGRESSIVE;
				GCC_WARN_UNUSED_FUNCTION = YES;
				GCC_WARN_UNUSED_VARIABLE = YES;
				IPHONEOS_DEPLOYMENT_TARGET = 10.2;
				MTL_ENABLE_DEBUG_INFO = YES;
				ONLY_ACTIVE_ARCH = YES;
				SDKROOT = iphoneos;
				SWIFT_ACTIVE_COMPILATION_CONDITIONS = DEBUG;
				SWIFT_OPTIMIZATION_LEVEL = "-Onone";
				TARGETED_DEVICE_FAMILY = "1,2";
			};
			name = Debug;
		};
		DB52281D1EA487A5007BD0BF /* Release */ = {
			isa = XCBuildConfiguration;
			buildSettings = {
				ALWAYS_SEARCH_USER_PATHS = NO;
				CLANG_ANALYZER_NONNULL = YES;
				CLANG_CXX_LANGUAGE_STANDARD = "gnu++0x";
				CLANG_CXX_LIBRARY = "libc++";
				CLANG_ENABLE_MODULES = YES;
				CLANG_ENABLE_OBJC_ARC = YES;
				CLANG_WARN_BOOL_CONVERSION = YES;
				CLANG_WARN_CONSTANT_CONVERSION = YES;
				CLANG_WARN_DIRECT_OBJC_ISA_USAGE = YES_ERROR;
				CLANG_WARN_DOCUMENTATION_COMMENTS = YES;
				CLANG_WARN_EMPTY_BODY = YES;
				CLANG_WARN_ENUM_CONVERSION = YES;
				CLANG_WARN_INFINITE_RECURSION = YES;
				CLANG_WARN_INT_CONVERSION = YES;
				CLANG_WARN_OBJC_ROOT_CLASS = YES_ERROR;
				CLANG_WARN_SUSPICIOUS_MOVE = YES;
				CLANG_WARN_UNREACHABLE_CODE = YES;
				CLANG_WARN__DUPLICATE_METHOD_MATCH = YES;
				"CODE_SIGN_IDENTITY[sdk=iphoneos*]" = "iPhone Developer";
				COPY_PHASE_STRIP = NO;
				DEBUG_INFORMATION_FORMAT = "dwarf-with-dsym";
				ENABLE_NS_ASSERTIONS = NO;
				ENABLE_STRICT_OBJC_MSGSEND = YES;
				GCC_C_LANGUAGE_STANDARD = gnu99;
				GCC_NO_COMMON_BLOCKS = YES;
				GCC_WARN_64_TO_32_BIT_CONVERSION = YES;
				GCC_WARN_ABOUT_RETURN_TYPE = YES_ERROR;
				GCC_WARN_UNDECLARED_SELECTOR = YES;
				GCC_WARN_UNINITIALIZED_AUTOS = YES_AGGRESSIVE;
				GCC_WARN_UNUSED_FUNCTION = YES;
				GCC_WARN_UNUSED_VARIABLE = YES;
				IPHONEOS_DEPLOYMENT_TARGET = 10.2;
				MTL_ENABLE_DEBUG_INFO = NO;
				SDKROOT = iphoneos;
				SWIFT_OPTIMIZATION_LEVEL = "-Owholemodule";
				TARGETED_DEVICE_FAMILY = "1,2";
				VALIDATE_PRODUCT = YES;
			};
			name = Release;
		};
		DB52281F1EA487A5007BD0BF /* Debug */ = {
			isa = XCBuildConfiguration;
			buildSettings = {
				ASSETCATALOG_COMPILER_APPICON_NAME = AppIcon;
				DEVELOPMENT_TEAM = CK5MHBYB2A;
				INFOPLIST_FILE = TouchIDDemo/Info.plist;
				IPHONEOS_DEPLOYMENT_TARGET = 8.0;
				LD_RUNPATH_SEARCH_PATHS = "$(inherited) @executable_path/Frameworks";
				PRODUCT_BUNDLE_IDENTIFIER = com.104.TouchIDDemo;
				PRODUCT_NAME = "$(TARGET_NAME)";
				SWIFT_VERSION = 3.0;
			};
			name = Debug;
		};
		DB5228201EA487A5007BD0BF /* Release */ = {
			isa = XCBuildConfiguration;
			buildSettings = {
				ASSETCATALOG_COMPILER_APPICON_NAME = AppIcon;
				DEVELOPMENT_TEAM = CK5MHBYB2A;
				INFOPLIST_FILE = TouchIDDemo/Info.plist;
				IPHONEOS_DEPLOYMENT_TARGET = 8.0;
				LD_RUNPATH_SEARCH_PATHS = "$(inherited) @executable_path/Frameworks";
				PRODUCT_BUNDLE_IDENTIFIER = com.104.TouchIDDemo;
				PRODUCT_NAME = "$(TARGET_NAME)";
				SWIFT_VERSION = 3.0;
			};
			name = Release;
		};
/* End XCBuildConfiguration section */

/* Begin XCConfigurationList section */
		DB5228071EA487A4007BD0BF /* Build configuration list for PBXProject "TouchIDDemo" */ = {
			isa = XCConfigurationList;
			buildConfigurations = (
				DB52281C1EA487A5007BD0BF /* Debug */,
				DB52281D1EA487A5007BD0BF /* Release */,
			);
			defaultConfigurationIsVisible = 0;
			defaultConfigurationName = Release;
		};
		DB52281E1EA487A5007BD0BF /* Build configuration list for PBXNativeTarget "TouchIDDemo" */ = {
			isa = XCConfigurationList;
			buildConfigurations = (
				DB52281F1EA487A5007BD0BF /* Debug */,
				DB5228201EA487A5007BD0BF /* Release */,
			);
			defaultConfigurationIsVisible = 0;
		};
/* End XCConfigurationList section */
	};
	rootObject = DB5228041EA487A4007BD0BF /* Project object */;
}
